
Microsoft Visual Studio Solution File, Format Version 12.00
# Visual Studio Version 17
VisualStudioVersion = 17.14.37516.0 d17.14
MinimumVisualStudioVersion = 10.0.40219.1
Project("{FAE04EC0-301F-11D3-BF4B-00C04F79EFBC}") = "tutorial2_3", "tutorial2_3\tutorial2_3.csproj", "{3D54576E-C309-49B2-B0A6-E596B1EB90EF}"
EndProject
Global
	GlobalSection(SolutionConfigurationPlatforms) = preSolution
		Debug|Any CPU = Debug|Any CPU
		Release|Any CPU = Release|Any CPU
	EndGlobalSection
	GlobalSection(ProjectConfigurationPlatforms) = postSolution
		{3D54576E-C309-49B2-B0A6-E596B1EB90EF}.Debug|Any CPU.ActiveCfg = Debug|Any CPU
		{3D54576E-C309-49B2-B0A6-E596B1EB90EF}.Debug|Any CPU.Build.0 = Debug|Any CPU
		{3D54576E-C309-49B2-B0A6-E596B1EB90EF}.Release|Any CPU.ActiveCfg = Release|Any CPU
		{3D54576E-C309-49B2-B0A6-E596B1EB90EF}.Release|Any CPU.Build.0 = Release|Any CPU
	EndGlobalSection
	GlobalSection(SolutionProperties) = preSolution
		HideSolutionNode = FALSE
	EndGlobalSection
	GlobalSection(ExtensibilityGlobals) = postSolution
		SolutionGuid = {6BC113D1-42EA-419B-B0F0-A195FCF03572}
	EndGlobalSection
EndGlobal
